
Microsoft Visual Studio Solution File, Format Version 12.00
# Visual Studio Version 16
VisualStudioVersion = 16.0.29519.181
MinimumVisualStudioVersion = 10.0.40219.1
Project("{8BC9CEB8-8B4A-11D0-8D11-00A0C91BC942}") = "CameraStereoVision", "CameraStereoVision.vcxproj", "{864735C9-A601-472B-A823-A89544E04A2C}"
EndProject
Project("{8BC9CEB8-8B4A-11D0-8D11-00A0C91BC942}") = "CameraCalibration", "..\CameraCalibration\CameraCalibration.vcxproj", "{92F4F9F4-D3C2-438E-BFEE-3EF0FA61E375}"
EndProject
Global
	GlobalSection(SolutionConfigurationPlatforms) = preSolution
		Debug|x64 = Debug|x64
		Debug|x86 = Debug|x86
		Release|x64 = Release|x64
		Release|x86 = Release|x86
	EndGlobalSection
	GlobalSection(ProjectConfigurationPlatforms) = postSolution
		{864735C9-A601-472B-A823-A89544E04A2C}.Debug|x64.ActiveCfg = Debug|x64
		{864735C9-A601-472B-A823-A89544E04A2C}.Debug|x64.Build.0 = Debug|x64
		{864735C9-A601-472B-A823-A89544E04A2C}.Debug|x86.ActiveCfg = Debug|Win32
		{864735C9-A601-472B-A823-A89544E04A2C}.Debug|x86.Build.0 = Debug|Win32
		{864735C9-A601-472B-A823-A89544E04A2C}.Release|x64.ActiveCfg = Release|x64
		{864735C9-A601-472B-A823-A89544E04A2C}.Release|x64.Build.0 = Release|x64
		{864735C9-A601-472B-A823-A89544E04A2C}.Release|x86.ActiveCfg = Release|Win32
		{864735C9-A601-472B-A823-A89544E04A2C}.Release|x86.Build.0 = Release|Win32
		{92F4F9F4-D3C2-438E-BFEE-3EF0FA61E375}.Debug|x64.ActiveCfg = Debug|x64
		{92F4F9F4-D3C2-438E-BFEE-3EF0FA61E375}.Debug|x64.Build.0 = Debug|x64
		{92F4F9F4-D3C2-438E-BFEE-3EF0FA61E375}.Debug|x86.ActiveCfg = Debug|Win32
		{92F4F9F4-D3C2-438E-BFEE-3EF0FA61E375}.Debug|x86.Build.0 = Debug|Win32
		{92F4F9F4-D3C2-438E-BFEE-3EF0FA61E375}.Release|x64.ActiveCfg = Release|x64
		{92F4F9F4-D3C2-438E-BFEE-3EF0FA61E375}.Release|x64.Build.0 = Release|x64
		{92F4F9F4-D3C2-438E-BFEE-3EF0FA61E375}.Release|x86.ActiveCfg = Release|Win32
		{92F4F9F4-D3C2-438E-BFEE-3EF0FA61E375}.Release|x86.Build.0 = Release|Win32
	EndGlobalSection
	GlobalSection(SolutionProperties) = preSolution
		HideSolutionNode = FALSE
	EndGlobalSection
	GlobalSection(ExtensibilityGlobals) = postSolution
		SolutionGuid = {19AA8C8D-D214-4F7B-81E5-AAEFF2D06E91}
	EndGlobalSection
EndGlobal
